
Microsoft Visual Studio Solution File, Format Version 12.00
# Visual Studio Version 16
VisualStudioVersion = 16.0.31911.196
MinimumVisualStudioVersion = 10.0.40219.1
Project("{9A19103F-16F7-4668-BE54-9A1E7A4F7556}") = "Template", "Template\Template.csproj", "{DDB3DC45-CAF4-436D-88EA-B3D0E1CD8BE8}"
EndProject
Project("{2150E333-8FDC-42A3-9474-1A3956D46DE8}") = "1-Web", "1-Web", "{25981D30-822C-4458-AE93-F5F9DA1F0F27}"
EndProject
Project("{2150E333-8FDC-42A3-9474-1A3956D46DE8}") = "2-Application", "2-Application", "{FCDEADEA-B5B4-4649-BAB3-467AD6996375}"
EndProject
Project("{2150E333-8FDC-42A3-9474-1A3956D46DE8}") = "3-Domain", "3-Domain", "{0D0CEF97-88F9-4317-BE8B-96C9399EB785}"
EndProject
Project("{2150E333-8FDC-42A3-9474-1A3956D46DE8}") = "4-Infra", "4-Infra", "{BDA8B8F2-829D-4369-B686-24F05C0D6F1B}"
EndProject
Project("{9A19103F-16F7-4668-BE54-9A1E7A4F7556}") = "Template.Application", "Template.Application\Template.Application.csproj", "{7136A981-0D84-47DC-8CC0-EE51F9A5B3BB}"
EndProject
Project("{9A19103F-16F7-4668-BE54-9A1E7A4F7556}") = "Template.Domain", "Template.Domain\Template.Domain.csproj", "{A2183921-687C-4639-BF06-479DF64CE41C}"
EndProject
Project("{2150E333-8FDC-42A3-9474-1A3956D46DE8}") = "4.1-Data", "4.1-Data", "{ACD070C4-735B-4F57-B12C-A68C5AF9B5BB}"
EndProject
Project("{2150E333-8FDC-42A3-9474-1A3956D46DE8}") = "4.2-CrossCutting", "4.2-CrossCutting", "{A43E32AF-1502-4DFB-B7A5-E3AF754C7D5C}"
EndProject
Project("{9A19103F-16F7-4668-BE54-9A1E7A4F7556}") = "Template.Data", "Template.Data\Template.Data.csproj", "{28FF4C85-3505-4E0B-8E7E-C703C2DB889A}"
EndProject
Project("{FAE04EC0-301F-11D3-BF4B-00C04F79EFBC}") = "Template.IoC", "Template.IoC\Template.IoC.csproj", "{1CB94141-6023-4E1A-8AA7-D1A9CA161634}"
EndProject
Global
	GlobalSection(SolutionConfigurationPlatforms) = preSolution
		Debug|Any CPU = Debug|Any CPU
		Release|Any CPU = Release|Any CPU
	EndGlobalSection
	GlobalSection(ProjectConfigurationPlatforms) = postSolution
		{DDB3DC45-CAF4-436D-88EA-B3D0E1CD8BE8}.Debug|Any CPU.ActiveCfg = Debug|Any CPU
		{DDB3DC45-CAF4-436D-88EA-B3D0E1CD8BE8}.Debug|Any CPU.Build.0 = Debug|Any CPU
		{DDB3DC45-CAF4-436D-88EA-B3D0E1CD8BE8}.Release|Any CPU.ActiveCfg = Release|Any CPU
		{DDB3DC45-CAF4-436D-88EA-B3D0E1CD8BE8}.Release|Any CPU.Build.0 = Release|Any CPU
		{7136A981-0D84-47DC-8CC0-EE51F9A5B3BB}.Debug|Any CPU.ActiveCfg = Debug|Any CPU
		{7136A981-0D84-47DC-8CC0-EE51F9A5B3BB}.Debug|Any CPU.Build.0 = Debug|Any CPU
		{7136A981-0D84-47DC-8CC0-EE51F9A5B3BB}.Release|Any CPU.ActiveCfg = Release|Any CPU
		{7136A981-0D84-47DC-8CC0-EE51F9A5B3BB}.Release|Any CPU.Build.0 = Release|Any CPU
		{A2183921-687C-4639-BF06-479DF64CE41C}.Debug|Any CPU.ActiveCfg = Debug|Any CPU
		{A2183921-687C-4639-BF06-479DF64CE41C}.Debug|Any CPU.Build.0 = Debug|Any CPU
		{A2183921-687C-4639-BF06-479DF64CE41C}.Release|Any CPU.ActiveCfg = Release|Any CPU
		{A2183921-687C-4639-BF06-479DF64CE41C}.Release|Any CPU.Build.0 = Release|Any CPU
		{28FF4C85-3505-4E0B-8E7E-C703C2DB889A}.Debug|Any CPU.ActiveCfg = Debug|Any CPU
		{28FF4C85-3505-4E0B-8E7E-C703C2DB889A}.Debug|Any CPU.Build.0 = Debug|Any CPU
		{28FF4C85-3505-4E0B-8E7E-C703C2DB889A}.Release|Any CPU.ActiveCfg = Release|Any CPU
		{28FF4C85-3505-4E0B-8E7E-C703C2DB889A}.Release|Any CPU.Build.0 = Release|Any CPU
		{1CB94141-6023-4E1A-8AA7-D1A9CA161634}.Debug|Any CPU.ActiveCfg = Debug|Any CPU
		{1CB94141-6023-4E1A-8AA7-D1A9CA161634}.Debug|Any CPU.Build.0 = Debug|Any CPU
		{1CB94141-6023-4E1A-8AA7-D1A9CA161634}.Release|Any CPU.ActiveCfg = Release|Any CPU
		{1CB94141-6023-4E1A-8AA7-D1A9CA161634}.Release|Any CPU.Build.0 = Release|Any CPU
	EndGlobalSection
	GlobalSection(SolutionProperties) = preSolution
		HideSolutionNode = FALSE
	EndGlobalSection
	GlobalSection(NestedProjects) = preSolution
		{DDB3DC45-CAF4-436D-88EA-B3D0E1CD8BE8} = {25981D30-822C-4458-AE93-F5F9DA1F0F27}
		{7136A981-0D84-47DC-8CC0-EE51F9A5B3BB} = {FCDEADEA-B5B4-4649-BAB3-467AD6996375}
		{A2183921-687C-4639-BF06-479DF64CE41C} = {0D0CEF97-88F9-4317-BE8B-96C9399EB785}
		{ACD070C4-735B-4F57-B12C-A68C5AF9B5BB} = {BDA8B8F2-829D-4369-B686-24F05C0D6F1B}
		{A43E32AF-1502-4DFB-B7A5-E3AF754C7D5C} = {BDA8B8F2-829D-4369-B686-24F05C0D6F1B}
		{28FF4C85-3505-4E0B-8E7E-C703C2DB889A} = {ACD070C4-735B-4F57-B12C-A68C5AF9B5BB}
		{1CB94141-6023-4E1A-8AA7-D1A9CA161634} = {A43E32AF-1502-4DFB-B7A5-E3AF754C7D5C}
	EndGlobalSection
	GlobalSection(ExtensibilityGlobals) = postSolution
		SolutionGuid = {771B290C-D4EC-4C55-99FC-227525918A46}
	EndGlobalSection
EndGlobal
