
Microsoft Visual Studio Solution File, Format Version 12.00
# Visual Studio Version 16
VisualStudioVersion = 16.0.31911.196
MinimumVisualStudioVersion = 10.0.40219.1
Project("{FAE04EC0-301F-11D3-BF4B-00C04F79EFBC}") = "Template", "Template\Template.csproj", "{DDB3DC45-CAF4-436D-88EA-B3D0E1CD8BE8}"
EndProject
Global
	GlobalSection(SolutionConfigurationPlatforms) = preSolution
		Debug|Any CPU = Debug|Any CPU
		Release|Any CPU = Release|Any CPU
	EndGlobalSection
	GlobalSection(ProjectConfigurationPlatforms) = postSolution
		{DDB3DC45-CAF4-436D-88EA-B3D0E1CD8BE8}.Debug|Any CPU.ActiveCfg = Debug|Any CPU
		{DDB3DC45-CAF4-436D-88EA-B3D0E1CD8BE8}.Debug|Any CPU.Build.0 = Debug|Any CPU
		{DDB3DC45-CAF4-436D-88EA-B3D0E1CD8BE8}.Release|Any CPU.ActiveCfg = Release|Any CPU
		{DDB3DC45-CAF4-436D-88EA-B3D0E1CD8BE8}.Release|Any CPU.Build.0 = Release|Any CPU
	EndGlobalSection
	GlobalSection(SolutionProperties) = preSolution
		HideSolutionNode = FALSE
	EndGlobalSection
	GlobalSection(ExtensibilityGlobals) = postSolution
		SolutionGuid = {771B290C-D4EC-4C55-99FC-227525918A46}
	EndGlobalSection
EndGlobal
